
Microsoft Visual Studio Solution File, Format Version 12.00
# Visual Studio Version 16
VisualStudioVersion = 16.0.30105.148
MinimumVisualStudioVersion = 10.0.40219.1
Project("{9A19103F-16F7-4668-BE54-9A1E7A4F7556}") = "PaypalBlazorSample.Shared", "PaypalBlazorSample.Shared\PaypalBlazorSample.Shared.csproj", "{3515FFBD-57FD-4381-B08B-35542CAB340E}"
EndProject
Project("{9A19103F-16F7-4668-BE54-9A1E7A4F7556}") = "PaypalBlazorSample.Server", "PaypalBlazorSample.Server\PaypalBlazorSample.Server.csproj", "{3F391ADD-7867-4E05-9A60-D8044991E862}"
EndProject
Project("{9A19103F-16F7-4668-BE54-9A1E7A4F7556}") = "PaypalBlazorSample", "PaypalBlazorSample\PaypalBlazorSample.csproj", "{B7FC4560-DE71-4D93-9CEA-9502C115E568}"
EndProject
Global
	GlobalSection(SolutionConfigurationPlatforms) = preSolution
		Debug|Any CPU = Debug|Any CPU
		Release|Any CPU = Release|Any CPU
	EndGlobalSection
	GlobalSection(ProjectConfigurationPlatforms) = postSolution
		{3515FFBD-57FD-4381-B08B-35542CAB340E}.Debug|Any CPU.ActiveCfg = Debug|Any CPU
		{3515FFBD-57FD-4381-B08B-35542CAB340E}.Debug|Any CPU.Build.0 = Debug|Any CPU
		{3515FFBD-57FD-4381-B08B-35542CAB340E}.Release|Any CPU.ActiveCfg = Release|Any CPU
		{3515FFBD-57FD-4381-B08B-35542CAB340E}.Release|Any CPU.Build.0 = Release|Any CPU
		{3F391ADD-7867-4E05-9A60-D8044991E862}.Debug|Any CPU.ActiveCfg = Debug|Any CPU
		{3F391ADD-7867-4E05-9A60-D8044991E862}.Debug|Any CPU.Build.0 = Debug|Any CPU
		{3F391ADD-7867-4E05-9A60-D8044991E862}.Release|Any CPU.ActiveCfg = Release|Any CPU
		{3F391ADD-7867-4E05-9A60-D8044991E862}.Release|Any CPU.Build.0 = Release|Any CPU
		{B7FC4560-DE71-4D93-9CEA-9502C115E568}.Debug|Any CPU.ActiveCfg = Debug|Any CPU
		{B7FC4560-DE71-4D93-9CEA-9502C115E568}.Debug|Any CPU.Build.0 = Debug|Any CPU
		{B7FC4560-DE71-4D93-9CEA-9502C115E568}.Release|Any CPU.ActiveCfg = Release|Any CPU
		{B7FC4560-DE71-4D93-9CEA-9502C115E568}.Release|Any CPU.Build.0 = Release|Any CPU
	EndGlobalSection
	GlobalSection(SolutionProperties) = preSolution
		HideSolutionNode = FALSE
	EndGlobalSection
	GlobalSection(ExtensibilityGlobals) = postSolution
		SolutionGuid = {F8916195-D312-412B-8A8A-495DB39D0E83}
	EndGlobalSection
EndGlobal
